
Microsoft Visual Studio Solution File, Format Version 12.00
# Visual Studio Version 17
VisualStudioVersion = 17.11.35327.3
MinimumVisualStudioVersion = 10.0.40219.1
Project("{FAE04EC0-301F-11D3-BF4B-00C04F79EFBC}") = "Pessoas", "Pessoas\Pessoas.csproj", "{A57FCB07-E55B-4F44-88CC-66DC617A21BE}"
EndProject
Global
	GlobalSection(SolutionConfigurationPlatforms) = preSolution
		Debug|Any CPU = Debug|Any CPU
		Release|Any CPU = Release|Any CPU
	EndGlobalSection
	GlobalSection(ProjectConfigurationPlatforms) = postSolution
		{A57FCB07-E55B-4F44-88CC-66DC617A21BE}.Debug|Any CPU.ActiveCfg = Debug|Any CPU
		{A57FCB07-E55B-4F44-88CC-66DC617A21BE}.Debug|Any CPU.Build.0 = Debug|Any CPU
		{A57FCB07-E55B-4F44-88CC-66DC617A21BE}.Release|Any CPU.ActiveCfg = Release|Any CPU
		{A57FCB07-E55B-4F44-88CC-66DC617A21BE}.Release|Any CPU.Build.0 = Release|Any CPU
	EndGlobalSection
	GlobalSection(SolutionProperties) = preSolution
		HideSolutionNode = FALSE
	EndGlobalSection
	GlobalSection(ExtensibilityGlobals) = postSolution
		SolutionGuid = {B0FEBBE3-D78C-47D8-9A60-22B21953D6E1}
	EndGlobalSection
EndGlobal
